{
  "name": "shared",
  "lockfileVersion": 3,
  "requires": true,
  "packages": {
    "": {
      "devDependencies": {
        "@types/dom-speech-recognition": "^0.0.11"
      }
    },
    "node_modules/@types/dom-speech-recognition": {
      "version": "0.0.11",
      "resolved": "https://registry.npmjs.org/@types/dom-speech-recognition/-/dom-speech-recognition-0.0.11.tgz",
      "integrity": "sha512-PyLFPLM9F5D+qEmkNLX/ZC3uiEV/2B/UhZA9uhWkFVOxUyDVj+UBKI2pF1dnhKhliOiIoR1d/QsOZQfOtQPE3A==",
      "dev": true,
      "license": "MIT"
    }
  }
}
